// !$*UTF8*$!
{
	archiveVersion = 1;
	classes = {
	};
	objectVersion = 56;
	objects = {

/* Begin PBXBuildFile section */
		562B65D12A28EF8C00E6D7F1 /* main.swift in Sources */ = {isa = PBXBuildFile; fileRef = 562B65D02A28EF8C00E6D7F1 /* main.swift */; };
		562B65DA2A28EFBC00E6D7F1 /* Railroad.swift in Sources */ = {isa = PBXBuildFile; fileRef = 562B65D82A28EFBC00E6D7F1 /* Railroad.swift */; };
		562B65DB2A28EFBC00E6D7F1 /* Region.swift in Sources */ = {isa = PBXBuildFile; fileRef = 562B65D92A28EFBC00E6D7F1 /* Region.swift */; };
		562B65DD2A28F33800E6D7F1 /* City.swift in Sources */ = {isa = PBXBuildFile; fileRef = 562B65DC2A28F33800E6D7F1 /* City.swift */; };
		562B65E02A2923DF00E6D7F1 /* throwaway.swift in Sources */ = {isa = PBXBuildFile; fileRef = 562B65DE2A29234400E6D7F1 /* throwaway.swift */; };
		562B65E42A29723900E6D7F1 /* Association.swift in Sources */ = {isa = PBXBuildFile; fileRef = 562B65E32A29723900E6D7F1 /* Association.swift */; };
		562B65E62A29D43300E6D7F1 /* Point.swift in Sources */ = {isa = PBXBuildFile; fileRef = 562B65E52A29D43300E6D7F1 /* Point.swift */; };
/* End PBXBuildFile section */

/* Begin PBXCopyFilesBuildPhase section */
		562B65CB2A28EF8C00E6D7F1 /* CopyFiles */ = {
			isa = PBXCopyFilesBuildPhase;
			buildActionMask = 2147483647;
			dstPath = /usr/share/man/man1/;
			dstSubfolderSpec = 0;
			files = (
			);
			runOnlyForDeploymentPostprocessing = 1;
		};
/* End PBXCopyFilesBuildPhase section */

/* Begin PBXFileReference section */
		562B65CD2A28EF8C00E6D7F1 /* Railroad Baron */ = {isa = PBXFileReference; explicitFileType = "compiled.mach-o.executable"; includeInIndex = 0; path = "Railroad Baron"; sourceTree = BUILT_PRODUCTS_DIR; };
		562B65D02A28EF8C00E6D7F1 /* main.swift */ = {isa = PBXFileReference; lastKnownFileType = sourcecode.swift; path = main.swift; sourceTree = "<group>"; };
		562B65D82A28EFBC00E6D7F1 /* Railroad.swift */ = {isa = PBXFileReference; fileEncoding = 4; lastKnownFileType = sourcecode.swift; path = Railroad.swift; sourceTree = "<group>"; };
		562B65D92A28EFBC00E6D7F1 /* Region.swift */ = {isa = PBXFileReference; fileEncoding = 4; lastKnownFileType = sourcecode.swift; path = Region.swift; sourceTree = "<group>"; };
		562B65DC2A28F33800E6D7F1 /* City.swift */ = {isa = PBXFileReference; lastKnownFileType = sourcecode.swift; path = City.swift; sourceTree = "<group>"; };
		562B65DE2A29234400E6D7F1 /* throwaway.swift */ = {isa = PBXFileReference; lastKnownFileType = sourcecode.swift; path = throwaway.swift; sourceTree = "<group>"; };
		562B65E32A29723900E6D7F1 /* Association.swift */ = {isa = PBXFileReference; lastKnownFileType = sourcecode.swift; path = Association.swift; sourceTree = "<group>"; };
		562B65E52A29D43300E6D7F1 /* Point.swift */ = {isa = PBXFileReference; lastKnownFileType = sourcecode.swift; path = Point.swift; sourceTree = "<group>"; };
		58B0A1422A40F3AC00BF18B0 /* railmap.pdf */ = {isa = PBXFileReference; lastKnownFileType = image.pdf; path = railmap.pdf; sourceTree = "<group>"; };
/* End PBXFileReference section */

/* Begin PBXFrameworksBuildPhase section */
		562B65CA2A28EF8C00E6D7F1 /* Frameworks */ = {
			isa = PBXFrameworksBuildPhase;
			buildActionMask = 2147483647;
			files = (
			);
			runOnlyForDeploymentPostprocessing = 0;
		};
/* End PBXFrameworksBuildPhase section */

/* Begin PBXGroup section */
		562B65C42A28EF8C00E6D7F1 = {
			isa = PBXGroup;
			children = (
				58B0A1422A40F3AC00BF18B0 /* railmap.pdf */,
				562B65CF2A28EF8C00E6D7F1 /* source */,
				562B65CE2A28EF8C00E6D7F1 /* Products */,
			);
			sourceTree = "<group>";
		};
		562B65CE2A28EF8C00E6D7F1 /* Products */ = {
			isa = PBXGroup;
			children = (
				562B65CD2A28EF8C00E6D7F1 /* Railroad Baron */,
			);
			name = Products;
			sourceTree = "<group>";
		};
		562B65CF2A28EF8C00E6D7F1 /* source */ = {
			isa = PBXGroup;
			children = (
				562B65D72A28EFBC00E6D7F1 /* types */,
				562B65D02A28EF8C00E6D7F1 /* main.swift */,
				562B65DE2A29234400E6D7F1 /* throwaway.swift */,
			);
			path = source;
			sourceTree = "<group>";
		};
		562B65D72A28EFBC00E6D7F1 /* types */ = {
			isa = PBXGroup;
			children = (
				562B65D82A28EFBC00E6D7F1 /* Railroad.swift */,
				562B65D92A28EFBC00E6D7F1 /* Region.swift */,
				562B65DC2A28F33800E6D7F1 /* City.swift */,
				562B65E32A29723900E6D7F1 /* Association.swift */,
				562B65E52A29D43300E6D7F1 /* Point.swift */,
			);
			path = types;
			sourceTree = "<group>";
		};
/* End PBXGroup section */

/* Begin PBXNativeTarget section */
		562B65CC2A28EF8C00E6D7F1 /* Railroad Baron */ = {
			isa = PBXNativeTarget;
			buildConfigurationList = 562B65D42A28EF8C00E6D7F1 /* Build configuration list for PBXNativeTarget "Railroad Baron" */;
			buildPhases = (
				562B65C92A28EF8C00E6D7F1 /* Sources */,
				562B65CA2A28EF8C00E6D7F1 /* Frameworks */,
				562B65CB2A28EF8C00E6D7F1 /* CopyFiles */,
			);
			buildRules = (
			);
			dependencies = (
			);
			name = "Railroad Baron";
			productName = "Railroad Baron";
			productReference = 562B65CD2A28EF8C00E6D7F1 /* Railroad Baron */;
			productType = "com.apple.product-type.tool";
		};
/* End PBXNativeTarget section */

/* Begin PBXProject section */
		562B65C52A28EF8C00E6D7F1 /* Project object */ = {
			isa = PBXProject;
			attributes = {
				BuildIndependentTargetsInParallel = 1;
				LastSwiftUpdateCheck = 1430;
				LastUpgradeCheck = 1430;
				ORGANIZATIONNAME = "Charles Kerr and Mark Dillon";
				TargetAttributes = {
					562B65CC2A28EF8C00E6D7F1 = {
						CreatedOnToolsVersion = 14.3;
					};
				};
			};
			buildConfigurationList = 562B65C82A28EF8C00E6D7F1 /* Build configuration list for PBXProject "Railroad Baron" */;
			compatibilityVersion = "Xcode 14.0";
			developmentRegion = en;
			hasScannedForEncodings = 0;
			knownRegions = (
				en,
				Base,
			);
			mainGroup = 562B65C42A28EF8C00E6D7F1;
			productRefGroup = 562B65CE2A28EF8C00E6D7F1 /* Products */;
			projectDirPath = "";
			projectRoot = "";
			targets = (
				562B65CC2A28EF8C00E6D7F1 /* Railroad Baron */,
			);
		};
/* End PBXProject section */

/* Begin PBXSourcesBuildPhase section */
		562B65C92A28EF8C00E6D7F1 /* Sources */ = {
			isa = PBXSourcesBuildPhase;
			buildActionMask = 2147483647;
			files = (
				562B65E42A29723900E6D7F1 /* Association.swift in Sources */,
				562B65DB2A28EFBC00E6D7F1 /* Region.swift in Sources */,
				562B65D12A28EF8C00E6D7F1 /* main.swift in Sources */,
				562B65DD2A28F33800E6D7F1 /* City.swift in Sources */,
				562B65E62A29D43300E6D7F1 /* Point.swift in Sources */,
				562B65DA2A28EFBC00E6D7F1 /* Railroad.swift in Sources */,
				562B65E02A2923DF00E6D7F1 /* throwaway.swift in Sources */,
			);
			runOnlyForDeploymentPostprocessing = 0;
		};
/* End PBXSourcesBuildPhase section */

/* Begin XCBuildConfiguration section */
		562B65D22A28EF8C00E6D7F1 /* Debug */ = {
			isa = XCBuildConfiguration;
			buildSettings = {
				ALWAYS_SEARCH_USER_PATHS = NO;
				CLANG_ANALYZER_NONNULL = YES;
				CLANG_ANALYZER_NUMBER_OBJECT_CONVERSION = YES_AGGRESSIVE;
				CLANG_CXX_LANGUAGE_STANDARD = "gnu++20";
				CLANG_ENABLE_MODULES = YES;
				CLANG_ENABLE_OBJC_ARC = YES;
				CLANG_ENABLE_OBJC_WEAK = YES;
				CLANG_WARN_BLOCK_CAPTURE_AUTORELEASING = YES;
				CLANG_WARN_BOOL_CONVERSION = YES;
				CLANG_WARN_COMMA = YES;
				CLANG_WARN_CONSTANT_CONVERSION = YES;
				CLANG_WARN_DEPRECATED_OBJC_IMPLEMENTATIONS = YES;
				CLANG_WARN_DIRECT_OBJC_ISA_USAGE = YES_ERROR;
				CLANG_WARN_DOCUMENTATION_COMMENTS = YES;
				CLANG_WARN_EMPTY_BODY = YES;
				CLANG_WARN_ENUM_CONVERSION = YES;
				CLANG_WARN_INFINITE_RECURSION = YES;
				CLANG_WARN_INT_CONVERSION = YES;
				CLANG_WARN_NON_LITERAL_NULL_CONVERSION = YES;
				CLANG_WARN_OBJC_IMPLICIT_RETAIN_SELF = YES;
				CLANG_WARN_OBJC_LITERAL_CONVERSION = YES;
				CLANG_WARN_OBJC_ROOT_CLASS = YES_ERROR;
				CLANG_WARN_QUOTED_INCLUDE_IN_FRAMEWORK_HEADER = YES;
				CLANG_WARN_RANGE_LOOP_ANALYSIS = YES;
				CLANG_WARN_STRICT_PROTOTYPES = YES;
				CLANG_WARN_SUSPICIOUS_MOVE = YES;
				CLANG_WARN_UNGUARDED_AVAILABILITY = YES_AGGRESSIVE;
				CLANG_WARN_UNREACHABLE_CODE = YES;
				CLANG_WARN__DUPLICATE_METHOD_MATCH = YES;
				COPY_PHASE_STRIP = NO;
				DEBUG_INFORMATION_FORMAT = dwarf;
				ENABLE_STRICT_OBJC_MSGSEND = YES;
				ENABLE_TESTABILITY = YES;
				GCC_C_LANGUAGE_STANDARD = gnu11;
				GCC_DYNAMIC_NO_PIC = NO;
				GCC_NO_COMMON_BLOCKS = YES;
				GCC_OPTIMIZATION_LEVEL = 0;
				GCC_PREPROCESSOR_DEFINITIONS = (
					"DEBUG=1",
					"$(inherited)",
				);
				GCC_WARN_64_TO_32_BIT_CONVERSION = YES;
				GCC_WARN_ABOUT_RETURN_TYPE = YES_ERROR;
				GCC_WARN_UNDECLARED_SELECTOR = YES;
				GCC_WARN_UNINITIALIZED_AUTOS = YES_AGGRESSIVE;
				GCC_WARN_UNUSED_FUNCTION = YES;
				GCC_WARN_UNUSED_VARIABLE = YES;
				MACOSX_DEPLOYMENT_TARGET = 13.3;
				MTL_ENABLE_DEBUG_INFO = INCLUDE_SOURCE;
				MTL_FAST_MATH = YES;
				ONLY_ACTIVE_ARCH = YES;
				SDKROOT = macosx;
				SWIFT_ACTIVE_COMPILATION_CONDITIONS = DEBUG;
				SWIFT_OPTIMIZATION_LEVEL = "-Onone";
			};
			name = Debug;
		};
		562B65D32A28EF8C00E6D7F1 /* Release */ = {
			isa = XCBuildConfiguration;
			buildSettings = {
				ALWAYS_SEARCH_USER_PATHS = NO;
				CLANG_ANALYZER_NONNULL = YES;
				CLANG_ANALYZER_NUMBER_OBJECT_CONVERSION = YES_AGGRESSIVE;
				CLANG_CXX_LANGUAGE_STANDARD = "gnu++20";
				CLANG_ENABLE_MODULES = YES;
				CLANG_ENABLE_OBJC_ARC = YES;
				CLANG_ENABLE_OBJC_WEAK = YES;
				CLANG_WARN_BLOCK_CAPTURE_AUTORELEASING = YES;
				CLANG_WARN_BOOL_CONVERSION = YES;
				CLANG_WARN_COMMA = YES;
				CLANG_WARN_CONSTANT_CONVERSION = YES;
				CLANG_WARN_DEPRECATED_OBJC_IMPLEMENTATIONS = YES;
				CLANG_WARN_DIRECT_OBJC_ISA_USAGE = YES_ERROR;
				CLANG_WARN_DOCUMENTATION_COMMENTS = YES;
				CLANG_WARN_EMPTY_BODY = YES;
				CLANG_WARN_ENUM_CONVERSION = YES;
				CLANG_WARN_INFINITE_RECURSION = YES;
				CLANG_WARN_INT_CONVERSION = YES;
				CLANG_WARN_NON_LITERAL_NULL_CONVERSION = YES;
				CLANG_WARN_OBJC_IMPLICIT_RETAIN_SELF = YES;
				CLANG_WARN_OBJC_LITERAL_CONVERSION = YES;
				CLANG_WARN_OBJC_ROOT_CLASS = YES_ERROR;
				CLANG_WARN_QUOTED_INCLUDE_IN_FRAMEWORK_HEADER = YES;
				CLANG_WARN_RANGE_LOOP_ANALYSIS = YES;
				CLANG_WARN_STRICT_PROTOTYPES = YES;
				CLANG_WARN_SUSPICIOUS_MOVE = YES;
				CLANG_WARN_UNGUARDED_AVAILABILITY = YES_AGGRESSIVE;
				CLANG_WARN_UNREACHABLE_CODE = YES;
				CLANG_WARN__DUPLICATE_METHOD_MATCH = YES;
				COPY_PHASE_STRIP = NO;
				DEBUG_INFORMATION_FORMAT = "dwarf-with-dsym";
				ENABLE_NS_ASSERTIONS = NO;
				ENABLE_STRICT_OBJC_MSGSEND = YES;
				GCC_C_LANGUAGE_STANDARD = gnu11;
				GCC_NO_COMMON_BLOCKS = YES;
				GCC_WARN_64_TO_32_BIT_CONVERSION = YES;
				GCC_WARN_ABOUT_RETURN_TYPE = YES_ERROR;
				GCC_WARN_UNDECLARED_SELECTOR = YES;
				GCC_WARN_UNINITIALIZED_AUTOS = YES_AGGRESSIVE;
				GCC_WARN_UNUSED_FUNCTION = YES;
				GCC_WARN_UNUSED_VARIABLE = YES;
				MACOSX_DEPLOYMENT_TARGET = 13.3;
				MTL_ENABLE_DEBUG_INFO = NO;
				MTL_FAST_MATH = YES;
				SDKROOT = macosx;
				SWIFT_COMPILATION_MODE = wholemodule;
				SWIFT_OPTIMIZATION_LEVEL = "-O";
			};
			name = Release;
		};
		562B65D52A28EF8C00E6D7F1 /* Debug */ = {
			isa = XCBuildConfiguration;
			buildSettings = {
				CODE_SIGN_STYLE = Automatic;
				DEVELOPMENT_TEAM = L5YMUW3RGL;
				ENABLE_HARDENED_RUNTIME = YES;
				PRODUCT_NAME = "$(TARGET_NAME)";
				SWIFT_VERSION = 5.0;
			};
			name = Debug;
		};
		562B65D62A28EF8C00E6D7F1 /* Release */ = {
			isa = XCBuildConfiguration;
			buildSettings = {
				CODE_SIGN_STYLE = Automatic;
				DEVELOPMENT_TEAM = L5YMUW3RGL;
				ENABLE_HARDENED_RUNTIME = YES;
				PRODUCT_NAME = "$(TARGET_NAME)";
				SWIFT_VERSION = 5.0;
			};
			name = Release;
		};
/* End XCBuildConfiguration section */

/* Begin XCConfigurationList section */
		562B65C82A28EF8C00E6D7F1 /* Build configuration list for PBXProject "Railroad Baron" */ = {
			isa = XCConfigurationList;
			buildConfigurations = (
				562B65D22A28EF8C00E6D7F1 /* Debug */,
				562B65D32A28EF8C00E6D7F1 /* Release */,
			);
			defaultConfigurationIsVisible = 0;
			defaultConfigurationName = Release;
		};
		562B65D42A28EF8C00E6D7F1 /* Build configuration list for PBXNativeTarget "Railroad Baron" */ = {
			isa = XCConfigurationList;
			buildConfigurations = (
				562B65D52A28EF8C00E6D7F1 /* Debug */,
				562B65D62A28EF8C00E6D7F1 /* Release */,
			);
			defaultConfigurationIsVisible = 0;
			defaultConfigurationName = Release;
		};
/* End XCConfigurationList section */
	};
	rootObject = 562B65C52A28EF8C00E6D7F1 /* Project object */;
}
